
Microsoft Visual Studio Solution File, Format Version 12.00
# Visual Studio 15
VisualStudioVersion = 15.0.28010.2046
MinimumVisualStudioVersion = 10.0.40219.1
Project("{FAE04EC0-301F-11D3-BF4B-00C04F79EFBC}") = "MediumProblems", "MediumProblems\MediumProblems.csproj", "{8502B493-6C9F-4EFF-B8C8-17A0F615D0F4}"
EndProject
Project("{FAE04EC0-301F-11D3-BF4B-00C04F79EFBC}") = "ZigZagConversion", "ZigZagConversion\ZigZagConversion.csproj", "{4E3E7A87-8956-4AF4-B4D4-84CF08509943}"
EndProject
Project("{FAE04EC0-301F-11D3-BF4B-00C04F79EFBC}") = "LongestSubString", "LongestSubString\LongestSubString.csproj", "{EB4B12DA-FCCB-4500-BB85-FB2AB069651E}"
EndProject
Global
	GlobalSection(SolutionConfigurationPlatforms) = preSolution
		Debug|Any CPU = Debug|Any CPU
		Release|Any CPU = Release|Any CPU
	EndGlobalSection
	GlobalSection(ProjectConfigurationPlatforms) = postSolution
		{8502B493-6C9F-4EFF-B8C8-17A0F615D0F4}.Debug|Any CPU.ActiveCfg = Debug|Any CPU
		{8502B493-6C9F-4EFF-B8C8-17A0F615D0F4}.Debug|Any CPU.Build.0 = Debug|Any CPU
		{8502B493-6C9F-4EFF-B8C8-17A0F615D0F4}.Release|Any CPU.ActiveCfg = Release|Any CPU
		{8502B493-6C9F-4EFF-B8C8-17A0F615D0F4}.Release|Any CPU.Build.0 = Release|Any CPU
		{4E3E7A87-8956-4AF4-B4D4-84CF08509943}.Debug|Any CPU.ActiveCfg = Debug|Any CPU
		{4E3E7A87-8956-4AF4-B4D4-84CF08509943}.Debug|Any CPU.Build.0 = Debug|Any CPU
		{4E3E7A87-8956-4AF4-B4D4-84CF08509943}.Release|Any CPU.ActiveCfg = Release|Any CPU
		{4E3E7A87-8956-4AF4-B4D4-84CF08509943}.Release|Any CPU.Build.0 = Release|Any CPU
		{EB4B12DA-FCCB-4500-BB85-FB2AB069651E}.Debug|Any CPU.ActiveCfg = Debug|Any CPU
		{EB4B12DA-FCCB-4500-BB85-FB2AB069651E}.Debug|Any CPU.Build.0 = Debug|Any CPU
		{EB4B12DA-FCCB-4500-BB85-FB2AB069651E}.Release|Any CPU.ActiveCfg = Release|Any CPU
		{EB4B12DA-FCCB-4500-BB85-FB2AB069651E}.Release|Any CPU.Build.0 = Release|Any CPU
	EndGlobalSection
	GlobalSection(SolutionProperties) = preSolution
		HideSolutionNode = FALSE
	EndGlobalSection
	GlobalSection(ExtensibilityGlobals) = postSolution
		SolutionGuid = {2E269FF4-3822-4E1F-8A89-ADBC39F5CE92}
	EndGlobalSection
EndGlobal
